
Microsoft Visual Studio Solution File, Format Version 12.00
# Visual Studio 15
VisualStudioVersion = 15.0.28010.2036
MinimumVisualStudioVersion = 10.0.40219.1
Project("{FAE04EC0-301F-11D3-BF4B-00C04F79EFBC}") = "2210-002-CowellDakota-DataStructuresProject3", "2210-002-CowellDakota-DataStructuresProject3\2210-002-CowellDakota-DataStructuresProject3.csproj", "{763BF487-0E5D-4AE1-968C-F0A21FD5777B}"
EndProject
Global
	GlobalSection(SolutionConfigurationPlatforms) = preSolution
		Debug|Any CPU = Debug|Any CPU
		Release|Any CPU = Release|Any CPU
	EndGlobalSection
	GlobalSection(ProjectConfigurationPlatforms) = postSolution
		{763BF487-0E5D-4AE1-968C-F0A21FD5777B}.Debug|Any CPU.ActiveCfg = Debug|Any CPU
		{763BF487-0E5D-4AE1-968C-F0A21FD5777B}.Debug|Any CPU.Build.0 = Debug|Any CPU
		{763BF487-0E5D-4AE1-968C-F0A21FD5777B}.Release|Any CPU.ActiveCfg = Release|Any CPU
		{763BF487-0E5D-4AE1-968C-F0A21FD5777B}.Release|Any CPU.Build.0 = Release|Any CPU
	EndGlobalSection
	GlobalSection(SolutionProperties) = preSolution
		HideSolutionNode = FALSE
	EndGlobalSection
	GlobalSection(ExtensibilityGlobals) = postSolution
		SolutionGuid = {E71EB431-C12B-4CBC-93F4-880DB94D7DF5}
	EndGlobalSection
EndGlobal
